
Microsoft Visual Studio Solution File, Format Version 12.00
# Visual Studio Version 16
VisualStudioVersion = 16.0.29519.87
MinimumVisualStudioVersion = 10.0.40219.1
Project("{FAE04EC0-301F-11D3-BF4B-00C04F79EFBC}") = "DepartmentApplication", "DepartmentApplication\DepartmentApplication.csproj", "{297E52C7-ED0A-4905-9AC2-06A6AEA260DC}"
EndProject
Global
	GlobalSection(SolutionConfigurationPlatforms) = preSolution
		Debug|Any CPU = Debug|Any CPU
		Release|Any CPU = Release|Any CPU
	EndGlobalSection
	GlobalSection(ProjectConfigurationPlatforms) = postSolution
		{297E52C7-ED0A-4905-9AC2-06A6AEA260DC}.Debug|Any CPU.ActiveCfg = Debug|Any CPU
		{297E52C7-ED0A-4905-9AC2-06A6AEA260DC}.Debug|Any CPU.Build.0 = Debug|Any CPU
		{297E52C7-ED0A-4905-9AC2-06A6AEA260DC}.Release|Any CPU.ActiveCfg = Release|Any CPU
		{297E52C7-ED0A-4905-9AC2-06A6AEA260DC}.Release|Any CPU.Build.0 = Release|Any CPU
	EndGlobalSection
	GlobalSection(SolutionProperties) = preSolution
		HideSolutionNode = FALSE
	EndGlobalSection
	GlobalSection(ExtensibilityGlobals) = postSolution
		SolutionGuid = {9CAE7DC5-91E2-4EAA-B783-B86CC00F097F}
	EndGlobalSection
EndGlobal
